
Microsoft Visual Studio Solution File, Format Version 12.00
# Visual Studio 15
Project("{FAE04EC0-301F-11D3-BF4B-00C04F79EFBC}") = "Assembly-CSharp", "Assembly-CSharp.csproj", "{98E8BB80-1A19-3F78-8AFC-B08767E28579}"
EndProject
Project("{FAE04EC0-301F-11D3-BF4B-00C04F79EFBC}") = "Assembly-CSharp-Editor", "Assembly-CSharp-Editor.csproj", "{D4F7C86A-4ADD-5402-FB66-4D7EBF72BC20}"
EndProject
Global
	GlobalSection(SolutionConfigurationPlatforms) = preSolution
		Debug|Any CPU = Debug|Any CPU
		Release|Any CPU = Release|Any CPU
	EndGlobalSection
	GlobalSection(ProjectConfigurationPlatforms) = postSolution
		{98E8BB80-1A19-3F78-8AFC-B08767E28579}.Debug|Any CPU.ActiveCfg = Debug|Any CPU
		{98E8BB80-1A19-3F78-8AFC-B08767E28579}.Debug|Any CPU.Build.0 = Debug|Any CPU
		{98E8BB80-1A19-3F78-8AFC-B08767E28579}.Release|Any CPU.ActiveCfg = Release|Any CPU
		{98E8BB80-1A19-3F78-8AFC-B08767E28579}.Release|Any CPU.Build.0 = Release|Any CPU
		{D4F7C86A-4ADD-5402-FB66-4D7EBF72BC20}.Debug|Any CPU.ActiveCfg = Debug|Any CPU
		{D4F7C86A-4ADD-5402-FB66-4D7EBF72BC20}.Debug|Any CPU.Build.0 = Debug|Any CPU
		{D4F7C86A-4ADD-5402-FB66-4D7EBF72BC20}.Release|Any CPU.ActiveCfg = Release|Any CPU
		{D4F7C86A-4ADD-5402-FB66-4D7EBF72BC20}.Release|Any CPU.Build.0 = Release|Any CPU
	EndGlobalSection
	GlobalSection(SolutionProperties) = preSolution
		HideSolutionNode = FALSE
	EndGlobalSection
EndGlobal
